
Microsoft Visual Studio Solution File, Format Version 12.00
# Visual Studio Version 17
VisualStudioVersion = 17.5.002.0
MinimumVisualStudioVersion = 10.0.40219.1
Project("{2150E333-8FDC-42A3-9474-1A3956D46DE8}") = "sandbox", "sandbox", "{3BC9518A-D1D4-45D9-A7A8-F962695B8FAF}"
EndProject
Project("{9A19103F-16F7-4668-BE54-9A1E7A4F7556}") = "sandbox_project", "sandbox\sandbox_project\sandbox_project.csproj", "{B2FA37C1-F2D8-42B3-B7BC-7B67D74C9D18}"
EndProject
Project("{2150E333-8FDC-42A3-9474-1A3956D46DE8}") = "week01", "week01", "{65825F54-40D9-4B07-91AE-D99B1C3DFC28}"
EndProject
Project("{9A19103F-16F7-4668-BE54-9A1E7A4F7556}") = "analyze", "week01\analyze\analyze.csproj", "{6570C839-10D3-47A0-89E7-D75357611938}"
EndProject
Project("{9A19103F-16F7-4668-BE54-9A1E7A4F7556}") = "code", "week01\code\code.csproj", "{8B943CA0-BD74-41D8-AB86-A2AF2EEFAEDB}"
EndProject
Project("{9A19103F-16F7-4668-BE54-9A1E7A4F7556}") = "teach", "week01\teach\teach.csproj", "{70CF75B3-4E25-4B04-A006-76CC72DD4604}"
EndProject
Project("{2150E333-8FDC-42A3-9474-1A3956D46DE8}") = "week02", "week02", "{CF28064B-0974-4363-8194-298A787E7DEF}"
EndProject
Project("{9A19103F-16F7-4668-BE54-9A1E7A4F7556}") = "analyze", "week02\analyze\analyze.csproj", "{6AE92965-08FE-4A8E-AED7-29E432C01E5D}"
EndProject
Project("{9A19103F-16F7-4668-BE54-9A1E7A4F7556}") = "code", "week02\code\code.csproj", "{7018C5E6-4963-40E9-841F-49016794233D}"
EndProject
Project("{9A19103F-16F7-4668-BE54-9A1E7A4F7556}") = "learn", "week02\learn\learn.csproj", "{066A26E1-E037-43FE-ADD7-7732F779A8EF}"
EndProject
Project("{9A19103F-16F7-4668-BE54-9A1E7A4F7556}") = "teach", "week02\teach\teach.csproj", "{136DDA07-92A5-40AD-9FF4-6A9FEA3E2E68}"
EndProject
Project("{2150E333-8FDC-42A3-9474-1A3956D46DE8}") = "week03", "week03", "{9DD25FD0-38B1-497D-87A8-53DD84B59424}"
EndProject
Project("{9A19103F-16F7-4668-BE54-9A1E7A4F7556}") = "code", "week03\code\code.csproj", "{9DA0F473-58A5-467A-AB08-A2ABA8CBD672}"
EndProject
Project("{9A19103F-16F7-4668-BE54-9A1E7A4F7556}") = "learn", "week03\learn\learn.csproj", "{517ECB7A-2B23-4396-8062-B416327E6DB6}"
EndProject
Project("{9A19103F-16F7-4668-BE54-9A1E7A4F7556}") = "teach", "week03\teach\teach.csproj", "{17BEB647-8DE0-4ADE-A4A7-EFEC9044D226}"
EndProject
Project("{2150E333-8FDC-42A3-9474-1A3956D46DE8}") = "week04", "week04", "{2F69E98D-3815-499F-9035-E36BA08525A4}"
EndProject
Project("{9A19103F-16F7-4668-BE54-9A1E7A4F7556}") = "code", "week04\code\code.csproj", "{78845A31-1720-4F0C-AE30-192F11F1E12F}"
EndProject
Project("{2150E333-8FDC-42A3-9474-1A3956D46DE8}") = "week05", "week05", "{8D8DF74F-4C78-4B2C-AC98-517C1D6FABFF}"
EndProject
Project("{9A19103F-16F7-4668-BE54-9A1E7A4F7556}") = "code", "week05\code\code.csproj", "{90305EAC-44FB-4B1B-B802-566932EE035D}"
EndProject
Project("{2150E333-8FDC-42A3-9474-1A3956D46DE8}") = "week06", "week06", "{DA99C6CB-929F-4EC9-AE91-235B75EE02F1}"
EndProject
Project("{9A19103F-16F7-4668-BE54-9A1E7A4F7556}") = "code", "week06\code\code.csproj", "{8703EE16-A315-422F-B2C1-00A580CCB49C}"
EndProject
Global
	GlobalSection(SolutionConfigurationPlatforms) = preSolution
		Debug|Any CPU = Debug|Any CPU
		Release|Any CPU = Release|Any CPU
	EndGlobalSection
	GlobalSection(ProjectConfigurationPlatforms) = postSolution
		{B2FA37C1-F2D8-42B3-B7BC-7B67D74C9D18}.Debug|Any CPU.ActiveCfg = Debug|Any CPU
		{B2FA37C1-F2D8-42B3-B7BC-7B67D74C9D18}.Debug|Any CPU.Build.0 = Debug|Any CPU
		{B2FA37C1-F2D8-42B3-B7BC-7B67D74C9D18}.Release|Any CPU.ActiveCfg = Release|Any CPU
		{B2FA37C1-F2D8-42B3-B7BC-7B67D74C9D18}.Release|Any CPU.Build.0 = Release|Any CPU
		{6570C839-10D3-47A0-89E7-D75357611938}.Debug|Any CPU.ActiveCfg = Debug|Any CPU
		{6570C839-10D3-47A0-89E7-D75357611938}.Debug|Any CPU.Build.0 = Debug|Any CPU
		{6570C839-10D3-47A0-89E7-D75357611938}.Release|Any CPU.ActiveCfg = Release|Any CPU
		{6570C839-10D3-47A0-89E7-D75357611938}.Release|Any CPU.Build.0 = Release|Any CPU
		{8B943CA0-BD74-41D8-AB86-A2AF2EEFAEDB}.Debug|Any CPU.ActiveCfg = Debug|Any CPU
		{8B943CA0-BD74-41D8-AB86-A2AF2EEFAEDB}.Debug|Any CPU.Build.0 = Debug|Any CPU
		{8B943CA0-BD74-41D8-AB86-A2AF2EEFAEDB}.Release|Any CPU.ActiveCfg = Release|Any CPU
		{8B943CA0-BD74-41D8-AB86-A2AF2EEFAEDB}.Release|Any CPU.Build.0 = Release|Any CPU
		{70CF75B3-4E25-4B04-A006-76CC72DD4604}.Debug|Any CPU.ActiveCfg = Debug|Any CPU
		{70CF75B3-4E25-4B04-A006-76CC72DD4604}.Debug|Any CPU.Build.0 = Debug|Any CPU
		{70CF75B3-4E25-4B04-A006-76CC72DD4604}.Release|Any CPU.ActiveCfg = Release|Any CPU
		{70CF75B3-4E25-4B04-A006-76CC72DD4604}.Release|Any CPU.Build.0 = Release|Any CPU
		{6AE92965-08FE-4A8E-AED7-29E432C01E5D}.Debug|Any CPU.ActiveCfg = Debug|Any CPU
		{6AE92965-08FE-4A8E-AED7-29E432C01E5D}.Debug|Any CPU.Build.0 = Debug|Any CPU
		{6AE92965-08FE-4A8E-AED7-29E432C01E5D}.Release|Any CPU.ActiveCfg = Release|Any CPU
		{6AE92965-08FE-4A8E-AED7-29E432C01E5D}.Release|Any CPU.Build.0 = Release|Any CPU
		{7018C5E6-4963-40E9-841F-49016794233D}.Debug|Any CPU.ActiveCfg = Debug|Any CPU
		{7018C5E6-4963-40E9-841F-49016794233D}.Debug|Any CPU.Build.0 = Debug|Any CPU
		{7018C5E6-4963-40E9-841F-49016794233D}.Release|Any CPU.ActiveCfg = Release|Any CPU
		{7018C5E6-4963-40E9-841F-49016794233D}.Release|Any CPU.Build.0 = Release|Any CPU
		{066A26E1-E037-43FE-ADD7-7732F779A8EF}.Debug|Any CPU.ActiveCfg = Debug|Any CPU
		{066A26E1-E037-43FE-ADD7-7732F779A8EF}.Debug|Any CPU.Build.0 = Debug|Any CPU
		{066A26E1-E037-43FE-ADD7-7732F779A8EF}.Release|Any CPU.ActiveCfg = Release|Any CPU
		{066A26E1-E037-43FE-ADD7-7732F779A8EF}.Release|Any CPU.Build.0 = Release|Any CPU
		{136DDA07-92A5-40AD-9FF4-6A9FEA3E2E68}.Debug|Any CPU.ActiveCfg = Debug|Any CPU
		{136DDA07-92A5-40AD-9FF4-6A9FEA3E2E68}.Debug|Any CPU.Build.0 = Debug|Any CPU
		{136DDA07-92A5-40AD-9FF4-6A9FEA3E2E68}.Release|Any CPU.ActiveCfg = Release|Any CPU
		{136DDA07-92A5-40AD-9FF4-6A9FEA3E2E68}.Release|Any CPU.Build.0 = Release|Any CPU
		{9DA0F473-58A5-467A-AB08-A2ABA8CBD672}.Debug|Any CPU.ActiveCfg = Debug|Any CPU
		{9DA0F473-58A5-467A-AB08-A2ABA8CBD672}.Debug|Any CPU.Build.0 = Debug|Any CPU
		{9DA0F473-58A5-467A-AB08-A2ABA8CBD672}.Release|Any CPU.ActiveCfg = Release|Any CPU
		{9DA0F473-58A5-467A-AB08-A2ABA8CBD672}.Release|Any CPU.Build.0 = Release|Any CPU
		{517ECB7A-2B23-4396-8062-B416327E6DB6}.Debug|Any CPU.ActiveCfg = Debug|Any CPU
		{517ECB7A-2B23-4396-8062-B416327E6DB6}.Debug|Any CPU.Build.0 = Debug|Any CPU
		{517ECB7A-2B23-4396-8062-B416327E6DB6}.Release|Any CPU.ActiveCfg = Release|Any CPU
		{517ECB7A-2B23-4396-8062-B416327E6DB6}.Release|Any CPU.Build.0 = Release|Any CPU
		{17BEB647-8DE0-4ADE-A4A7-EFEC9044D226}.Debug|Any CPU.ActiveCfg = Debug|Any CPU
		{17BEB647-8DE0-4ADE-A4A7-EFEC9044D226}.Debug|Any CPU.Build.0 = Debug|Any CPU
		{17BEB647-8DE0-4ADE-A4A7-EFEC9044D226}.Release|Any CPU.ActiveCfg = Release|Any CPU
		{17BEB647-8DE0-4ADE-A4A7-EFEC9044D226}.Release|Any CPU.Build.0 = Release|Any CPU
		{78845A31-1720-4F0C-AE30-192F11F1E12F}.Debug|Any CPU.ActiveCfg = Debug|Any CPU
		{78845A31-1720-4F0C-AE30-192F11F1E12F}.Debug|Any CPU.Build.0 = Debug|Any CPU
		{78845A31-1720-4F0C-AE30-192F11F1E12F}.Release|Any CPU.ActiveCfg = Release|Any CPU
		{78845A31-1720-4F0C-AE30-192F11F1E12F}.Release|Any CPU.Build.0 = Release|Any CPU
		{90305EAC-44FB-4B1B-B802-566932EE035D}.Debug|Any CPU.ActiveCfg = Debug|Any CPU
		{90305EAC-44FB-4B1B-B802-566932EE035D}.Debug|Any CPU.Build.0 = Debug|Any CPU
		{90305EAC-44FB-4B1B-B802-566932EE035D}.Release|Any CPU.ActiveCfg = Release|Any CPU
		{90305EAC-44FB-4B1B-B802-566932EE035D}.Release|Any CPU.Build.0 = Release|Any CPU
		{8703EE16-A315-422F-B2C1-00A580CCB49C}.Debug|Any CPU.ActiveCfg = Debug|Any CPU
		{8703EE16-A315-422F-B2C1-00A580CCB49C}.Debug|Any CPU.Build.0 = Debug|Any CPU
		{8703EE16-A315-422F-B2C1-00A580CCB49C}.Release|Any CPU.ActiveCfg = Release|Any CPU
		{8703EE16-A315-422F-B2C1-00A580CCB49C}.Release|Any CPU.Build.0 = Release|Any CPU
	EndGlobalSection
	GlobalSection(SolutionProperties) = preSolution
		HideSolutionNode = FALSE
	EndGlobalSection
	GlobalSection(NestedProjects) = preSolution
		{B2FA37C1-F2D8-42B3-B7BC-7B67D74C9D18} = {3BC9518A-D1D4-45D9-A7A8-F962695B8FAF}
		{6570C839-10D3-47A0-89E7-D75357611938} = {65825F54-40D9-4B07-91AE-D99B1C3DFC28}
		{8B943CA0-BD74-41D8-AB86-A2AF2EEFAEDB} = {65825F54-40D9-4B07-91AE-D99B1C3DFC28}
		{70CF75B3-4E25-4B04-A006-76CC72DD4604} = {65825F54-40D9-4B07-91AE-D99B1C3DFC28}
		{6AE92965-08FE-4A8E-AED7-29E432C01E5D} = {CF28064B-0974-4363-8194-298A787E7DEF}
		{7018C5E6-4963-40E9-841F-49016794233D} = {CF28064B-0974-4363-8194-298A787E7DEF}
		{066A26E1-E037-43FE-ADD7-7732F779A8EF} = {CF28064B-0974-4363-8194-298A787E7DEF}
		{136DDA07-92A5-40AD-9FF4-6A9FEA3E2E68} = {CF28064B-0974-4363-8194-298A787E7DEF}
		{9DA0F473-58A5-467A-AB08-A2ABA8CBD672} = {9DD25FD0-38B1-497D-87A8-53DD84B59424}
		{517ECB7A-2B23-4396-8062-B416327E6DB6} = {9DD25FD0-38B1-497D-87A8-53DD84B59424}
		{17BEB647-8DE0-4ADE-A4A7-EFEC9044D226} = {9DD25FD0-38B1-497D-87A8-53DD84B59424}
		{78845A31-1720-4F0C-AE30-192F11F1E12F} = {2F69E98D-3815-499F-9035-E36BA08525A4}
		{90305EAC-44FB-4B1B-B802-566932EE035D} = {8D8DF74F-4C78-4B2C-AC98-517C1D6FABFF}
		{8703EE16-A315-422F-B2C1-00A580CCB49C} = {DA99C6CB-929F-4EC9-AE91-235B75EE02F1}
	EndGlobalSection
	GlobalSection(ExtensibilityGlobals) = postSolution
		SolutionGuid = {BF37D33D-1C61-492F-A528-E325E5D0C169}
	EndGlobalSection
EndGlobal
